# THIS IS AN AUTOGENERATED FILE. DO NOT EDIT THIS FILE DIRECTLY.
# yarn lockfile v1


"@types/node@^18.14.1":
  version "18.18.7"
  resolved "https://registry.yarnpkg.com/@types/node/-/node-18.18.7.tgz#bb3a7068dc4ba421b6968f2a259298b3a4e129e8"
  integrity sha512-bw+lEsxis6eqJYW8Ql6+yTqkE6RuFtsQPSe5JxXbqYRFQEER5aJA9a5UH9igqDWm3X4iLHIKOHlnAXLM4mi7uQ==
  dependencies:
    undici-types "~5.26.4"

inversify@^6.0.1:
  version "6.0.2"
  resolved "https://registry.yarnpkg.com/inversify/-/inversify-6.0.2.tgz#dc7fa0348213d789d35ffb719dea9685570989c7"
  integrity sha512-i9m8j/7YIv4mDuYXUAcrpKPSaju/CIly9AHK5jvCBeoiM/2KEsuCQTTP+rzSWWpLYWRukdXFSl6ZTk2/uumbiA==

js-sha3@^0.9.2:
  version "0.9.2"
  resolved "https://registry.yarnpkg.com/js-sha3/-/js-sha3-0.9.2.tgz#a5ba3967ddf5a095f7b3389ef14a6297b10d6409"
  integrity sha512-8kgvwd03wNGQG1GRvl3yy1Yt40sICAcIMsDU2ZLgoL0Z6z9rkRmf9Vd+bi/gYSzgAqMUGl/jiDKu0J8AWFd+BQ==

reflect-metadata@^0.1.13:
  version "0.1.13"
  resolved "https://registry.yarnpkg.com/reflect-metadata/-/reflect-metadata-0.1.13.tgz#67ae3ca57c972a2aa1642b10fe363fe32d49dc08"
  integrity sha512-Ts1Y/anZELhSsjMcU605fU9RE4Oi3p5ORujwbIKXfWa+0Zxs510Qrmrce5/Jowq3cHSZSJqBjypxmHarc+vEWg==

typescript@^4.5.4:
  version "4.9.5"
  resolved "https://registry.yarnpkg.com/typescript/-/typescript-4.9.5.tgz#095979f9bcc0d09da324d58d03ce8f8374cbe65a"
  integrity sha512-1FXk9E2Hm+QzZQ7z+McJiHL4NW1F2EzMu9Nq9i3zAaGqibafqYwCVU6WyWAuyQRRzOlxou8xZSyXLEN8oKj24g==

undici-types@~5.26.4:
  version "5.26.5"
  resolved "https://registry.yarnpkg.com/undici-types/-/undici-types-5.26.5.tgz#bcd539893d00b56e964fd2657a4866b221a65617"
  integrity sha512-JlCMO+ehdEIKqlFxk6IfVoAUVmgz7cU7zD/h9XZ0qzeosSHmUJVOzSQvvYSYWXkFXC+IfLKSIffhv0sVZup6pA==
